
Microsoft Visual Studio Solution File, Format Version 12.00
# Visual Studio Version 16
VisualStudioVersion = 16.0.31424.327
MinimumVisualStudioVersion = 10.0.40219.1
Project("{FAE04EC0-301F-11D3-BF4B-00C04F79EFBC}") = "αbetik.ELibrary.Entities", "αbetik.ELibrary.Entities\αbetik.ELibrary.Entities.csproj", "{051A8909-83AE-481D-B979-24E78FBE583A}"
EndProject
Project("{FAE04EC0-301F-11D3-BF4B-00C04F79EFBC}") = "αbetik.ELibrary.Core", "αbetik.ELibrary.Core\αbetik.ELibrary.Core.csproj", "{93C91DD3-067E-4806-A7FF-F8F9B3E570D7}"
EndProject
Project("{FAE04EC0-301F-11D3-BF4B-00C04F79EFBC}") = "αbetik.ELibrary.DataAccess", "αbetik.ELibrary.DataAccess\αbetik.ELibrary.DataAccess.csproj", "{B556077B-15AF-416D-B557-4B8194DBDF08}"
EndProject
Project("{FAE04EC0-301F-11D3-BF4B-00C04F79EFBC}") = "αbetik.ELibrary.Business", "αbetik.ELibrary.Business\αbetik.ELibrary.Business.csproj", "{6DDBFE6C-2EB6-434A-829C-FDABA116F66B}"
EndProject
Project("{FAE04EC0-301F-11D3-BF4B-00C04F79EFBC}") = "αbetik.ELibrary.Business.Tests", "αbetik.ELibrary.Business.Tests\αbetik.ELibrary.Business.Tests.csproj", "{812E2A01-1B51-432F-807E-0611BAC5ACAD}"
EndProject
Global
	GlobalSection(SolutionConfigurationPlatforms) = preSolution
		Debug|Any CPU = Debug|Any CPU
		Release|Any CPU = Release|Any CPU
	EndGlobalSection
	GlobalSection(ProjectConfigurationPlatforms) = postSolution
		{051A8909-83AE-481D-B979-24E78FBE583A}.Debug|Any CPU.ActiveCfg = Debug|Any CPU
		{051A8909-83AE-481D-B979-24E78FBE583A}.Debug|Any CPU.Build.0 = Debug|Any CPU
		{051A8909-83AE-481D-B979-24E78FBE583A}.Release|Any CPU.ActiveCfg = Release|Any CPU
		{051A8909-83AE-481D-B979-24E78FBE583A}.Release|Any CPU.Build.0 = Release|Any CPU
		{93C91DD3-067E-4806-A7FF-F8F9B3E570D7}.Debug|Any CPU.ActiveCfg = Debug|Any CPU
		{93C91DD3-067E-4806-A7FF-F8F9B3E570D7}.Debug|Any CPU.Build.0 = Debug|Any CPU
		{93C91DD3-067E-4806-A7FF-F8F9B3E570D7}.Release|Any CPU.ActiveCfg = Release|Any CPU
		{93C91DD3-067E-4806-A7FF-F8F9B3E570D7}.Release|Any CPU.Build.0 = Release|Any CPU
		{B556077B-15AF-416D-B557-4B8194DBDF08}.Debug|Any CPU.ActiveCfg = Debug|Any CPU
		{B556077B-15AF-416D-B557-4B8194DBDF08}.Debug|Any CPU.Build.0 = Debug|Any CPU
		{B556077B-15AF-416D-B557-4B8194DBDF08}.Release|Any CPU.ActiveCfg = Release|Any CPU
		{B556077B-15AF-416D-B557-4B8194DBDF08}.Release|Any CPU.Build.0 = Release|Any CPU
		{6DDBFE6C-2EB6-434A-829C-FDABA116F66B}.Debug|Any CPU.ActiveCfg = Debug|Any CPU
		{6DDBFE6C-2EB6-434A-829C-FDABA116F66B}.Debug|Any CPU.Build.0 = Debug|Any CPU
		{6DDBFE6C-2EB6-434A-829C-FDABA116F66B}.Release|Any CPU.ActiveCfg = Release|Any CPU
		{6DDBFE6C-2EB6-434A-829C-FDABA116F66B}.Release|Any CPU.Build.0 = Release|Any CPU
		{812E2A01-1B51-432F-807E-0611BAC5ACAD}.Debug|Any CPU.ActiveCfg = Debug|Any CPU
		{812E2A01-1B51-432F-807E-0611BAC5ACAD}.Debug|Any CPU.Build.0 = Debug|Any CPU
		{812E2A01-1B51-432F-807E-0611BAC5ACAD}.Release|Any CPU.ActiveCfg = Release|Any CPU
		{812E2A01-1B51-432F-807E-0611BAC5ACAD}.Release|Any CPU.Build.0 = Release|Any CPU
	EndGlobalSection
	GlobalSection(SolutionProperties) = preSolution
		HideSolutionNode = FALSE
	EndGlobalSection
	GlobalSection(ExtensibilityGlobals) = postSolution
		SolutionGuid = {4B159247-9E38-4C07-936D-763ADD42CBF4}
	EndGlobalSection
EndGlobal
